
Microsoft Visual Studio Solution File, Format Version 12.00
# Visual Studio Version 17
VisualStudioVersion = 17.3.32929.385
MinimumVisualStudioVersion = 10.0.40219.1
Project("{9A19103F-16F7-4668-BE54-9A1E7A4F7556}") = "井字棋", "WinFormsApp1\井字棋.csproj", "{B427C736-8EA2-469E-B0C5-5DB451AE4DE2}"
EndProject
Global
	GlobalSection(SolutionConfigurationPlatforms) = preSolution
		Debug|Any CPU = Debug|Any CPU
		Release|Any CPU = Release|Any CPU
	EndGlobalSection
	GlobalSection(ProjectConfigurationPlatforms) = postSolution
		{B427C736-8EA2-469E-B0C5-5DB451AE4DE2}.Debug|Any CPU.ActiveCfg = Debug|Any CPU
		{B427C736-8EA2-469E-B0C5-5DB451AE4DE2}.Debug|Any CPU.Build.0 = Debug|Any CPU
		{B427C736-8EA2-469E-B0C5-5DB451AE4DE2}.Release|Any CPU.ActiveCfg = Release|Any CPU
		{B427C736-8EA2-469E-B0C5-5DB451AE4DE2}.Release|Any CPU.Build.0 = Release|Any CPU
	EndGlobalSection
	GlobalSection(SolutionProperties) = preSolution
		HideSolutionNode = FALSE
	EndGlobalSection
	GlobalSection(ExtensibilityGlobals) = postSolution
		SolutionGuid = {B0AE7CA0-4867-476B-8196-433D08342F0C}
	EndGlobalSection
EndGlobal
